
Microsoft Visual Studio Solution File, Format Version 12.00
# Visual Studio Express 2012 for Windows Desktop
Project("{FAE04EC0-301F-11D3-BF4B-00C04F79EFBC}") = "EpubArchiver", "EpubArchiver\EpubArchiver.csproj", "{FF729F11-FD4C-4FC1-B461-047ACFC6DF11}"
EndProject
Project("{FAE04EC0-301F-11D3-BF4B-00C04F79EFBC}") = "SakuraEpubLibrary", "SakuraEpubLibrary\SakuraEpubLibrary.csproj", "{679866DC-AA0E-42F4-897F-2467C4FC31DD}"
EndProject
Project("{FAE04EC0-301F-11D3-BF4B-00C04F79EFBC}") = "DebugConsole", "DebugConsole\DebugConsole.csproj", "{39C8FD19-C39B-473F-84EA-E0D8B4CB293F}"
EndProject
Project("{FAE04EC0-301F-11D3-BF4B-00C04F79EFBC}") = "EpubReToucher", "EpubRetoucher\EpubReToucher.csproj", "{D542FE01-10D1-4A8C-B243-D8171D0B5CE0}"
EndProject
Global
	GlobalSection(SolutionConfigurationPlatforms) = preSolution
		Debug|Any CPU = Debug|Any CPU
		Release|Any CPU = Release|Any CPU
	EndGlobalSection
	GlobalSection(ProjectConfigurationPlatforms) = postSolution
		{FF729F11-FD4C-4FC1-B461-047ACFC6DF11}.Debug|Any CPU.ActiveCfg = Debug|Any CPU
		{FF729F11-FD4C-4FC1-B461-047ACFC6DF11}.Debug|Any CPU.Build.0 = Debug|Any CPU
		{FF729F11-FD4C-4FC1-B461-047ACFC6DF11}.Release|Any CPU.ActiveCfg = Release|Any CPU
		{FF729F11-FD4C-4FC1-B461-047ACFC6DF11}.Release|Any CPU.Build.0 = Release|Any CPU
		{679866DC-AA0E-42F4-897F-2467C4FC31DD}.Debug|Any CPU.ActiveCfg = Debug|Any CPU
		{679866DC-AA0E-42F4-897F-2467C4FC31DD}.Debug|Any CPU.Build.0 = Debug|Any CPU
		{679866DC-AA0E-42F4-897F-2467C4FC31DD}.Release|Any CPU.ActiveCfg = Release|Any CPU
		{679866DC-AA0E-42F4-897F-2467C4FC31DD}.Release|Any CPU.Build.0 = Release|Any CPU
		{39C8FD19-C39B-473F-84EA-E0D8B4CB293F}.Debug|Any CPU.ActiveCfg = Debug|Any CPU
		{39C8FD19-C39B-473F-84EA-E0D8B4CB293F}.Debug|Any CPU.Build.0 = Debug|Any CPU
		{39C8FD19-C39B-473F-84EA-E0D8B4CB293F}.Release|Any CPU.ActiveCfg = Release|Any CPU
		{39C8FD19-C39B-473F-84EA-E0D8B4CB293F}.Release|Any CPU.Build.0 = Release|Any CPU
		{D542FE01-10D1-4A8C-B243-D8171D0B5CE0}.Debug|Any CPU.ActiveCfg = Debug|Any CPU
		{D542FE01-10D1-4A8C-B243-D8171D0B5CE0}.Debug|Any CPU.Build.0 = Debug|Any CPU
		{D542FE01-10D1-4A8C-B243-D8171D0B5CE0}.Release|Any CPU.ActiveCfg = Release|Any CPU
		{D542FE01-10D1-4A8C-B243-D8171D0B5CE0}.Release|Any CPU.Build.0 = Release|Any CPU
	EndGlobalSection
	GlobalSection(SolutionProperties) = preSolution
		HideSolutionNode = FALSE
	EndGlobalSection
EndGlobal
